// !$*UTF8*$!
{
	archiveVersion = 1;
	classes = {
	};
	objectVersion = 46;
	objects = {

/* Begin PBXBuildFile section */
		7905ABF116B4B5B00003EE42 /* background-quiz.png in Resources */ = {isa = PBXBuildFile; fileRef = 7905ABEE16B4B5B00003EE42 /* background-quiz.png */; };
		7905ABF216B4B5B00003EE42 /* completion-overlay-success768x1024.png in Resources */ = {isa = PBXBuildFile; fileRef = 7905ABEF16B4B5B00003EE42 /* completion-overlay-success768x1024.png */; };
		7905ABF316B4B5B00003EE42 /* completion-overlay-fail768x1024.png in Resources */ = {isa = PBXBuildFile; fileRef = 7905ABF016B4B5B00003EE42 /* completion-overlay-fail768x1024.png */; };
		7905AC0816B4B8A10003EE42 /* Narrative-Opening.wav in Resources */ = {isa = PBXBuildFile; fileRef = 7905AC0516B4B8A10003EE42 /* Narrative-Opening.wav */; };
		7905AC0916B4B8A10003EE42 /* Narrative-Jibberish-goodpoint.wav in Resources */ = {isa = PBXBuildFile; fileRef = 7905AC0616B4B8A10003EE42 /* Narrative-Jibberish-goodpoint.wav */; };
		7905AC0A16B4B8A10003EE42 /* Narrative-Jibberish.wav in Resources */ = {isa = PBXBuildFile; fileRef = 7905AC0716B4B8A10003EE42 /* Narrative-Jibberish.wav */; };
		7905AC0D16B4B8B00003EE42 /* glass_shatter.wav in Resources */ = {isa = PBXBuildFile; fileRef = 7905AC0B16B4B8B00003EE42 /* glass_shatter.wav */; };
		7905AC0E16B4B8B00003EE42 /* cha_ching.wav in Resources */ = {isa = PBXBuildFile; fileRef = 7905AC0C16B4B8B00003EE42 /* cha_ching.wav */; };
		7905AC2716B4BC850003EE42 /* 300px-CaesarSalad3.png in Resources */ = {isa = PBXBuildFile; fileRef = 7905AC1016B4BC850003EE42 /* 300px-CaesarSalad3.png */; };
		7905AC2816B4BC850003EE42 /* 33624Pizza-Slice2.png in Resources */ = {isa = PBXBuildFile; fileRef = 7905AC1116B4BC850003EE42 /* 33624Pizza-Slice2.png */; };
		7905AC2916B4BC850003EE42 /* A1ChickenBroccoliStirFry_305.png in Resources */ = {isa = PBXBuildFile; fileRef = 7905AC1216B4BC850003EE42 /* A1ChickenBroccoliStirFry_305.png */; };
		7905AC2A16B4BC850003EE42 /* burrito.png in Resources */ = {isa = PBXBuildFile; fileRef = 7905AC1316B4BC850003EE42 /* burrito.png */; };
		7905AC2B16B4BC850003EE42 /* chicagodinerpie_350x250.png in Resources */ = {isa = PBXBuildFile; fileRef = 7905AC1416B4BC850003EE42 /* chicagodinerpie_350x250.png */; };
		7905AC2C16B4BC850003EE42 /* chickencordonbleu.png in Resources */ = {isa = PBXBuildFile; fileRef = 7905AC1516B4BC850003EE42 /* chickencordonbleu.png */; };
		7905AC2D16B4BC850003EE42 /* Chobani-strawberry.png in Resources */ = {isa = PBXBuildFile; fileRef = 7905AC1616B4BC850003EE42 /* Chobani-strawberry.png */; };
		7905AC2E16B4BC850003EE42 /* Country_Fried_Steak_Eggs.png in Resources */ = {isa = PBXBuildFile; fileRef = 7905AC1716B4BC850003EE42 /* Country_Fried_Steak_Eggs.png */; };
		7905AC2F16B4BC850003EE42 /* Dairy_Queen_Sundae_Hot_Fudge_-_Medium_1.png in Resources */ = {isa = PBXBuildFile; fileRef = 7905AC1816B4BC850003EE42 /* Dairy_Queen_Sundae_Hot_Fudge_-_Medium_1.png */; };
		7905AC3016B4BC850003EE42 /* Egg_Sandwiches.png in Resources */ = {isa = PBXBuildFile; fileRef = 7905AC1916B4BC850003EE42 /* Egg_Sandwiches.png */; };
		7905AC3116B4BC850003EE42 /* empty-plate.png in Resources */ = {isa = PBXBuildFile; fileRef = 7905AC1A16B4BC850003EE42 /* empty-plate.png */; };
		7905AC3216B4BC850003EE42 /* Fruit-Cup.png in Resources */ = {isa = PBXBuildFile; fileRef = 7905AC1B16B4BC850003EE42 /* Fruit-Cup.png */; };
		7905AC3316B4BC850003EE42 /* HamburgerAndFries.png in Resources */ = {isa = PBXBuildFile; fileRef = 7905AC1C16B4BC850003EE42 /* HamburgerAndFries.png */; };
		7905AC3416B4BC850003EE42 /* honey-nut-cheerios-cereal-single-serve6-cups-1.png in Resources */ = {isa = PBXBuildFile; fileRef = 7905AC1D16B4BC850003EE42 /* honey-nut-cheerios-cereal-single-serve6-cups-1.png */; };
		7905AC3516B4BC850003EE42 /* KelloggsNutriGrainCerealBarsAppleCinnamon_336.png in Resources */ = {isa = PBXBuildFile; fileRef = 7905AC1E16B4BC850003EE42 /* KelloggsNutriGrainCerealBarsAppleCinnamon_336.png */; };
		7905AC3616B4BC850003EE42 /* pix-prime-rib-1.png in Resources */ = {isa = PBXBuildFile; fileRef = 7905AC1F16B4BC850003EE42 /* pix-prime-rib-1.png */; };
		7905AC3716B4BC850003EE42 /* popcorn1.png in Resources */ = {isa = PBXBuildFile; fileRef = 7905AC2016B4BC850003EE42 /* popcorn1.png */; };
		7905AC3816B4BC850003EE42 /* red_wine_glass.png in Resources */ = {isa = PBXBuildFile; fileRef = 7905AC2116B4BC850003EE42 /* red_wine_glass.png */; };
		7905AC3916B4BC850003EE42 /* slim-fast-recalljpg-b2ad86c88122a473_large.png in Resources */ = {isa = PBXBuildFile; fileRef = 7905AC2216B4BC850003EE42 /* slim-fast-recalljpg-b2ad86c88122a473_large.png */; };
		7905AC3A16B4BC850003EE42 /* Spicy-Roasted-Red-Pepper-&-Hummus-Sandwich-with-Portabella1.png in Resources */ = {isa = PBXBuildFile; fileRef = 7905AC2316B4BC850003EE42 /* Spicy-Roasted-Red-Pepper-&-Hummus-Sandwich-with-Portabella1.png */; };
		7905AC3B16B4BC850003EE42 /* Swordfish-Steak-with-Mango-Chutney-on-Curried-Lentils-500.png in Resources */ = {isa = PBXBuildFile; fileRef = 7905AC2416B4BC850003EE42 /* Swordfish-Steak-with-Mango-Chutney-on-Curried-Lentils-500.png */; };
		7905AC3C16B4BC850003EE42 /* tmb_Chicken-Noodle-Soup-&-Salad.png in Resources */ = {isa = PBXBuildFile; fileRef = 7905AC2516B4BC850003EE42 /* tmb_Chicken-Noodle-Soup-&-Salad.png */; };
		7905AC3D16B4BC850003EE42 /* turkey-sandwhich.png in Resources */ = {isa = PBXBuildFile; fileRef = 7905AC2616B4BC850003EE42 /* turkey-sandwhich.png */; };
		7905AC3F16B4C0190003EE42 /* Open_Door_Gastropub_steak_n_eggs.png in Resources */ = {isa = PBXBuildFile; fileRef = 7905AC3E16B4C0180003EE42 /* Open_Door_Gastropub_steak_n_eggs.png */; };
		792E2D7216B447B300493A66 /* UIKit.framework in Frameworks */ = {isa = PBXBuildFile; fileRef = 792E2D7116B447B300493A66 /* UIKit.framework */; };
		792E2D7416B447B300493A66 /* Foundation.framework in Frameworks */ = {isa = PBXBuildFile; fileRef = 792E2D7316B447B300493A66 /* Foundation.framework */; };
		792E2D7616B447B300493A66 /* CoreGraphics.framework in Frameworks */ = {isa = PBXBuildFile; fileRef = 792E2D7516B447B300493A66 /* CoreGraphics.framework */; };
		792E2D7C16B447B300493A66 /* InfoPlist.strings in Resources */ = {isa = PBXBuildFile; fileRef = 792E2D7A16B447B300493A66 /* InfoPlist.strings */; };
		792E2D7E16B447B300493A66 /* main.m in Sources */ = {isa = PBXBuildFile; fileRef = 792E2D7D16B447B300493A66 /* main.m */; };
		792E2D8216B447B300493A66 /* SMAppDelegate.m in Sources */ = {isa = PBXBuildFile; fileRef = 792E2D8116B447B300493A66 /* SMAppDelegate.m */; };
		792E2D8416B447B300493A66 /* Default.png in Resources */ = {isa = PBXBuildFile; fileRef = 792E2D8316B447B300493A66 /* Default.png */; };
		792E2D8616B447B300493A66 /* Default@2x.png in Resources */ = {isa = PBXBuildFile; fileRef = 792E2D8516B447B300493A66 /* Default@2x.png */; };
		792E2D8816B447B300493A66 /* Default-568h@2x.png in Resources */ = {isa = PBXBuildFile; fileRef = 792E2D8716B447B300493A66 /* Default-568h@2x.png */; };
		792E2D8B16B447B300493A66 /* MainStoryboard_iPhone.storyboard in Resources */ = {isa = PBXBuildFile; fileRef = 792E2D8916B447B300493A66 /* MainStoryboard_iPhone.storyboard */; };
		792E2D8E16B447B300493A66 /* MainStoryboard_iPad.storyboard in Resources */ = {isa = PBXBuildFile; fileRef = 792E2D8C16B447B300493A66 /* MainStoryboard_iPad.storyboard */; };
		792E2D9116B447B300493A66 /* SMViewController.m in Sources */ = {isa = PBXBuildFile; fileRef = 792E2D9016B447B300493A66 /* SMViewController.m */; };
		792E2D9C16B454FB00493A66 /* background-mountains.png in Resources */ = {isa = PBXBuildFile; fileRef = 792E2D9916B454FB00493A66 /* background-mountains.png */; };
		792E2D9D16B454FB00493A66 /* mentor-talk270x317.png in Resources */ = {isa = PBXBuildFile; fileRef = 792E2D9A16B454FB00493A66 /* mentor-talk270x317.png */; };
		792E2D9E16B454FB00493A66 /* mentor400x470.png in Resources */ = {isa = PBXBuildFile; fileRef = 792E2D9B16B454FB00493A66 /* mentor400x470.png */; };
		792E2DA116B45DE200493A66 /* mentor-idle270x317.png in Resources */ = {isa = PBXBuildFile; fileRef = 792E2D9F16B45DE200493A66 /* mentor-idle270x317.png */; };
		792E2DA216B45DE200493A66 /* mentor-sleep270x317.png in Resources */ = {isa = PBXBuildFile; fileRef = 792E2DA016B45DE200493A66 /* mentor-sleep270x317.png */; };
		792E2DA416B4606900493A66 /* taptap150x130.png in Resources */ = {isa = PBXBuildFile; fileRef = 792E2DA316B4606900493A66 /* taptap150x130.png */; };
		792E2DA616B46BD700493A66 /* QuartzCore.framework in Frameworks */ = {isa = PBXBuildFile; fileRef = 792E2DA516B46BD700493A66 /* QuartzCore.framework */; };
		792E2DA916B479E300493A66 /* SMFoodSelectViewController.m in Sources */ = {isa = PBXBuildFile; fileRef = 792E2DA816B479E300493A66 /* SMFoodSelectViewController.m */; };
		797E05B316B4D16500EEC115 /* SMYogi2Controller.m in Sources */ = {isa = PBXBuildFile; fileRef = 797E05B216B4D16500EEC115 /* SMYogi2Controller.m */; };
		797E05B616B4D58900EEC115 /* AudioToolbox.framework in Frameworks */ = {isa = PBXBuildFile; fileRef = 797E05B516B4D58900EEC115 /* AudioToolbox.framework */; };
		797E05B816B5121C00EEC115 /* AVFoundation.framework in Frameworks */ = {isa = PBXBuildFile; fileRef = 797E05B716B5121C00EEC115 /* AVFoundation.framework */; };
		797E05BA16B51AA900EEC115 /* pmph1.wav in Resources */ = {isa = PBXBuildFile; fileRef = 797E05B916B51AA900EEC115 /* pmph1.wav */; };
		797E05BD16B51E0C00EEC115 /* SMFoodSelect2ViewController.m in Sources */ = {isa = PBXBuildFile; fileRef = 797E05BC16B51E0C00EEC115 /* SMFoodSelect2ViewController.m */; };
/* End PBXBuildFile section */

/* Begin PBXFileReference section */
		7905ABEE16B4B5B00003EE42 /* background-quiz.png */ = {isa = PBXFileReference; lastKnownFileType = image.png; path = "background-quiz.png"; sourceTree = "<group>"; };
		7905ABEF16B4B5B00003EE42 /* completion-overlay-success768x1024.png */ = {isa = PBXFileReference; lastKnownFileType = image.png; path = "completion-overlay-success768x1024.png"; sourceTree = "<group>"; };
		7905ABF016B4B5B00003EE42 /* completion-overlay-fail768x1024.png */ = {isa = PBXFileReference; lastKnownFileType = image.png; path = "completion-overlay-fail768x1024.png"; sourceTree = "<group>"; };
		7905AC0516B4B8A10003EE42 /* Narrative-Opening.wav */ = {isa = PBXFileReference; lastKnownFileType = audio.wav; path = "Narrative-Opening.wav"; sourceTree = "<group>"; };
		7905AC0616B4B8A10003EE42 /* Narrative-Jibberish-goodpoint.wav */ = {isa = PBXFileReference; lastKnownFileType = audio.wav; path = "Narrative-Jibberish-goodpoint.wav"; sourceTree = "<group>"; };
		7905AC0716B4B8A10003EE42 /* Narrative-Jibberish.wav */ = {isa = PBXFileReference; lastKnownFileType = audio.wav; path = "Narrative-Jibberish.wav"; sourceTree = "<group>"; };
		7905AC0B16B4B8B00003EE42 /* glass_shatter.wav */ = {isa = PBXFileReference; lastKnownFileType = audio.wav; path = glass_shatter.wav; sourceTree = "<group>"; };
		7905AC0C16B4B8B00003EE42 /* cha_ching.wav */ = {isa = PBXFileReference; lastKnownFileType = audio.wav; path = cha_ching.wav; sourceTree = "<group>"; };
		7905AC1016B4BC850003EE42 /* 300px-CaesarSalad3.png */ = {isa = PBXFileReference; lastKnownFileType = image.png; path = "300px-CaesarSalad3.png"; sourceTree = "<group>"; };
		7905AC1116B4BC850003EE42 /* 33624Pizza-Slice2.png */ = {isa = PBXFileReference; lastKnownFileType = image.png; path = "33624Pizza-Slice2.png"; sourceTree = "<group>"; };
		7905AC1216B4BC850003EE42 /* A1ChickenBroccoliStirFry_305.png */ = {isa = PBXFileReference; lastKnownFileType = image.png; path = A1ChickenBroccoliStirFry_305.png; sourceTree = "<group>"; };
		7905AC1316B4BC850003EE42 /* burrito.png */ = {isa = PBXFileReference; lastKnownFileType = image.png; path = burrito.png; sourceTree = "<group>"; };
		7905AC1416B4BC850003EE42 /* chicagodinerpie_350x250.png */ = {isa = PBXFileReference; lastKnownFileType = image.png; path = chicagodinerpie_350x250.png; sourceTree = "<group>"; };
		7905AC1516B4BC850003EE42 /* chickencordonbleu.png */ = {isa = PBXFileReference; lastKnownFileType = image.png; path = chickencordonbleu.png; sourceTree = "<group>"; };
		7905AC1616B4BC850003EE42 /* Chobani-strawberry.png */ = {isa = PBXFileReference; lastKnownFileType = image.png; path = "Chobani-strawberry.png"; sourceTree = "<group>"; };
		7905AC1716B4BC850003EE42 /* Country_Fried_Steak_Eggs.png */ = {isa = PBXFileReference; lastKnownFileType = image.png; path = Country_Fried_Steak_Eggs.png; sourceTree = "<group>"; };
		7905AC1816B4BC850003EE42 /* Dairy_Queen_Sundae_Hot_Fudge_-_Medium_1.png */ = {isa = PBXFileReference; lastKnownFileType = image.png; path = "Dairy_Queen_Sundae_Hot_Fudge_-_Medium_1.png"; sourceTree = "<group>"; };
		7905AC1916B4BC850003EE42 /* Egg_Sandwiches.png */ = {isa = PBXFileReference; lastKnownFileType = image.png; path = Egg_Sandwiches.png; sourceTree = "<group>"; };
		7905AC1A16B4BC850003EE42 /* empty-plate.png */ = {isa = PBXFileReference; lastKnownFileType = image.png; path = "empty-plate.png"; sourceTree = "<group>"; };
		7905AC1B16B4BC850003EE42 /* Fruit-Cup.png */ = {isa = PBXFileReference; lastKnownFileType = image.png; path = "Fruit-Cup.png"; sourceTree = "<group>"; };
		7905AC1C16B4BC850003EE42 /* HamburgerAndFries.png */ = {isa = PBXFileReference; lastKnownFileType = image.png; path = HamburgerAndFries.png; sourceTree = "<group>"; };
		7905AC1D16B4BC850003EE42 /* honey-nut-cheerios-cereal-single-serve6-cups-1.png */ = {isa = PBXFileReference; lastKnownFileType = image.png; path = "honey-nut-cheerios-cereal-single-serve6-cups-1.png"; sourceTree = "<group>"; };
		7905AC1E16B4BC850003EE42 /* KelloggsNutriGrainCerealBarsAppleCinnamon_336.png */ = {isa = PBXFileReference; lastKnownFileType = image.png; path = KelloggsNutriGrainCerealBarsAppleCinnamon_336.png; sourceTree = "<group>"; };
		7905AC1F16B4BC850003EE42 /* pix-prime-rib-1.png */ = {isa = PBXFileReference; lastKnownFileType = image.png; path = "pix-prime-rib-1.png"; sourceTree = "<group>"; };
		7905AC2016B4BC850003EE42 /* popcorn1.png */ = {isa = PBXFileReference; lastKnownFileType = image.png; path = popcorn1.png; sourceTree = "<group>"; };
		7905AC2116B4BC850003EE42 /* red_wine_glass.png */ = {isa = PBXFileReference; lastKnownFileType = image.png; path = red_wine_glass.png; sourceTree = "<group>"; };
		7905AC2216B4BC850003EE42 /* slim-fast-recalljpg-b2ad86c88122a473_large.png */ = {isa = PBXFileReference; lastKnownFileType = image.png; path = "slim-fast-recalljpg-b2ad86c88122a473_large.png"; sourceTree = "<group>"; };
		7905AC2316B4BC850003EE42 /* Spicy-Roasted-Red-Pepper-&-Hummus-Sandwich-with-Portabella1.png */ = {isa = PBXFileReference; lastKnownFileType = image.png; path = "Spicy-Roasted-Red-Pepper-&-Hummus-Sandwich-with-Portabella1.png"; sourceTree = "<group>"; };
		7905AC2416B4BC850003EE42 /* Swordfish-Steak-with-Mango-Chutney-on-Curried-Lentils-500.png */ = {isa = PBXFileReference; lastKnownFileType = image.png; path = "Swordfish-Steak-with-Mango-Chutney-on-Curried-Lentils-500.png"; sourceTree = "<group>"; };
		7905AC2516B4BC850003EE42 /* tmb_Chicken-Noodle-Soup-&-Salad.png */ = {isa = PBXFileReference; lastKnownFileType = image.png; path = "tmb_Chicken-Noodle-Soup-&-Salad.png"; sourceTree = "<group>"; };
		7905AC2616B4BC850003EE42 /* turkey-sandwhich.png */ = {isa = PBXFileReference; lastKnownFileType = image.png; path = "turkey-sandwhich.png"; sourceTree = "<group>"; };
		7905AC3E16B4C0180003EE42 /* Open_Door_Gastropub_steak_n_eggs.png */ = {isa = PBXFileReference; lastKnownFileType = image.png; path = Open_Door_Gastropub_steak_n_eggs.png; sourceTree = "<group>"; };
		792E2D6D16B447B300493A66 /* suga mngr.app */ = {isa = PBXFileReference; explicitFileType = wrapper.application; includeInIndex = 0; path = "suga mngr.app"; sourceTree = BUILT_PRODUCTS_DIR; };
		792E2D7116B447B300493A66 /* UIKit.framework */ = {isa = PBXFileReference; lastKnownFileType = wrapper.framework; name = UIKit.framework; path = System/Library/Frameworks/UIKit.framework; sourceTree = SDKROOT; };
		792E2D7316B447B300493A66 /* Foundation.framework */ = {isa = PBXFileReference; lastKnownFileType = wrapper.framework; name = Foundation.framework; path = System/Library/Frameworks/Foundation.framework; sourceTree = SDKROOT; };
		792E2D7516B447B300493A66 /* CoreGraphics.framework */ = {isa = PBXFileReference; lastKnownFileType = wrapper.framework; name = CoreGraphics.framework; path = System/Library/Frameworks/CoreGraphics.framework; sourceTree = SDKROOT; };
		792E2D7916B447B300493A66 /* suga mngr-Info.plist */ = {isa = PBXFileReference; lastKnownFileType = text.plist.xml; path = "suga mngr-Info.plist"; sourceTree = "<group>"; };
		792E2D7B16B447B300493A66 /* en */ = {isa = PBXFileReference; lastKnownFileType = text.plist.strings; name = en; path = en.lproj/InfoPlist.strings; sourceTree = "<group>"; };
		792E2D7D16B447B300493A66 /* main.m */ = {isa = PBXFileReference; lastKnownFileType = sourcecode.c.objc; path = main.m; sourceTree = "<group>"; };
		792E2D7F16B447B300493A66 /* suga mngr-Prefix.pch */ = {isa = PBXFileReference; lastKnownFileType = sourcecode.c.h; path = "suga mngr-Prefix.pch"; sourceTree = "<group>"; };
		792E2D8016B447B300493A66 /* SMAppDelegate.h */ = {isa = PBXFileReference; lastKnownFileType = sourcecode.c.h; path = SMAppDelegate.h; sourceTree = "<group>"; };
		792E2D8116B447B300493A66 /* SMAppDelegate.m */ = {isa = PBXFileReference; lastKnownFileType = sourcecode.c.objc; path = SMAppDelegate.m; sourceTree = "<group>"; };
		792E2D8316B447B300493A66 /* Default.png */ = {isa = PBXFileReference; lastKnownFileType = image.png; path = Default.png; sourceTree = "<group>"; };
		792E2D8516B447B300493A66 /* Default@2x.png */ = {isa = PBXFileReference; lastKnownFileType = image.png; path = "Default@2x.png"; sourceTree = "<group>"; };
		792E2D8716B447B300493A66 /* Default-568h@2x.png */ = {isa = PBXFileReference; lastKnownFileType = image.png; path = "Default-568h@2x.png"; sourceTree = "<group>"; };
		792E2D8A16B447B300493A66 /* en */ = {isa = PBXFileReference; lastKnownFileType = file.storyboard; name = en; path = en.lproj/MainStoryboard_iPhone.storyboard; sourceTree = "<group>"; };
		792E2D8D16B447B300493A66 /* en */ = {isa = PBXFileReference; lastKnownFileType = file.storyboard; name = en; path = en.lproj/MainStoryboard_iPad.storyboard; sourceTree = "<group>"; };
		792E2D8F16B447B300493A66 /* SMViewController.h */ = {isa = PBXFileReference; lastKnownFileType = sourcecode.c.h; path = SMViewController.h; sourceTree = "<group>"; };
		792E2D9016B447B300493A66 /* SMViewController.m */ = {isa = PBXFileReference; lastKnownFileType = sourcecode.c.objc; path = SMViewController.m; sourceTree = "<group>"; };
		792E2D9916B454FB00493A66 /* background-mountains.png */ = {isa = PBXFileReference; lastKnownFileType = image.png; path = "background-mountains.png"; sourceTree = "<group>"; };
		792E2D9A16B454FB00493A66 /* mentor-talk270x317.png */ = {isa = PBXFileReference; lastKnownFileType = image.png; path = "mentor-talk270x317.png"; sourceTree = "<group>"; };
		792E2D9B16B454FB00493A66 /* mentor400x470.png */ = {isa = PBXFileReference; lastKnownFileType = image.png; path = mentor400x470.png; sourceTree = "<group>"; };
		792E2D9F16B45DE200493A66 /* mentor-idle270x317.png */ = {isa = PBXFileReference; lastKnownFileType = image.png; path = "mentor-idle270x317.png"; sourceTree = "<group>"; };
		792E2DA016B45DE200493A66 /* mentor-sleep270x317.png */ = {isa = PBXFileReference; lastKnownFileType = image.png; path = "mentor-sleep270x317.png"; sourceTree = "<group>"; };
		792E2DA316B4606900493A66 /* taptap150x130.png */ = {isa = PBXFileReference; lastKnownFileType = image.png; path = taptap150x130.png; sourceTree = "<group>"; };
		792E2DA516B46BD700493A66 /* QuartzCore.framework */ = {isa = PBXFileReference; lastKnownFileType = wrapper.framework; name = QuartzCore.framework; path = System/Library/Frameworks/QuartzCore.framework; sourceTree = SDKROOT; };
		792E2DA716B479E300493A66 /* SMFoodSelectViewController.h */ = {isa = PBXFileReference; fileEncoding = 4; lastKnownFileType = sourcecode.c.h; path = SMFoodSelectViewController.h; sourceTree = "<group>"; };
		792E2DA816B479E300493A66 /* SMFoodSelectViewController.m */ = {isa = PBXFileReference; fileEncoding = 4; lastKnownFileType = sourcecode.c.objc; path = SMFoodSelectViewController.m; sourceTree = "<group>"; };
		797E05B116B4D16500EEC115 /* SMYogi2Controller.h */ = {isa = PBXFileReference; fileEncoding = 4; lastKnownFileType = sourcecode.c.h; path = SMYogi2Controller.h; sourceTree = "<group>"; };
		797E05B216B4D16500EEC115 /* SMYogi2Controller.m */ = {isa = PBXFileReference; fileEncoding = 4; lastKnownFileType = sourcecode.c.objc; path = SMYogi2Controller.m; sourceTree = "<group>"; };
		797E05B516B4D58900EEC115 /* AudioToolbox.framework */ = {isa = PBXFileReference; lastKnownFileType = wrapper.framework; name = AudioToolbox.framework; path = System/Library/Frameworks/AudioToolbox.framework; sourceTree = SDKROOT; };
		797E05B716B5121C00EEC115 /* AVFoundation.framework */ = {isa = PBXFileReference; lastKnownFileType = wrapper.framework; name = AVFoundation.framework; path = System/Library/Frameworks/AVFoundation.framework; sourceTree = SDKROOT; };
		797E05B916B51AA900EEC115 /* pmph1.wav */ = {isa = PBXFileReference; lastKnownFileType = audio.wav; path = pmph1.wav; sourceTree = "<group>"; };
		797E05BB16B51E0C00EEC115 /* SMFoodSelect2ViewController.h */ = {isa = PBXFileReference; fileEncoding = 4; lastKnownFileType = sourcecode.c.h; path = SMFoodSelect2ViewController.h; sourceTree = "<group>"; };
		797E05BC16B51E0C00EEC115 /* SMFoodSelect2ViewController.m */ = {isa = PBXFileReference; fileEncoding = 4; lastKnownFileType = sourcecode.c.objc; path = SMFoodSelect2ViewController.m; sourceTree = "<group>"; };
/* End PBXFileReference section */

/* Begin PBXFrameworksBuildPhase section */
		792E2D6A16B447B300493A66 /* Frameworks */ = {
			isa = PBXFrameworksBuildPhase;
			buildActionMask = 2147483647;
			files = (
				797E05B616B4D58900EEC115 /* AudioToolbox.framework in Frameworks */,
				792E2DA616B46BD700493A66 /* QuartzCore.framework in Frameworks */,
				792E2D7216B447B300493A66 /* UIKit.framework in Frameworks */,
				792E2D7416B447B300493A66 /* Foundation.framework in Frameworks */,
				792E2D7616B447B300493A66 /* CoreGraphics.framework in Frameworks */,
				797E05B816B5121C00EEC115 /* AVFoundation.framework in Frameworks */,
			);
			runOnlyForDeploymentPostprocessing = 0;
		};
/* End PBXFrameworksBuildPhase section */

/* Begin PBXGroup section */
		7905AC0416B4B85D0003EE42 /* sounds */ = {
			isa = PBXGroup;
			children = (
				797E05B916B51AA900EEC115 /* pmph1.wav */,
				7905AC0B16B4B8B00003EE42 /* glass_shatter.wav */,
				7905AC0C16B4B8B00003EE42 /* cha_ching.wav */,
				7905AC0516B4B8A10003EE42 /* Narrative-Opening.wav */,
				7905AC0616B4B8A10003EE42 /* Narrative-Jibberish-goodpoint.wav */,
				7905AC0716B4B8A10003EE42 /* Narrative-Jibberish.wav */,
			);
			name = sounds;
			sourceTree = "<group>";
		};
		7905AC0F16B4BC850003EE42 /* quiz1 */ = {
			isa = PBXGroup;
			children = (
				7905AC3E16B4C0180003EE42 /* Open_Door_Gastropub_steak_n_eggs.png */,
				7905AC1016B4BC850003EE42 /* 300px-CaesarSalad3.png */,
				7905AC1116B4BC850003EE42 /* 33624Pizza-Slice2.png */,
				7905AC1216B4BC850003EE42 /* A1ChickenBroccoliStirFry_305.png */,
				7905AC1316B4BC850003EE42 /* burrito.png */,
				7905AC1416B4BC850003EE42 /* chicagodinerpie_350x250.png */,
				7905AC1516B4BC850003EE42 /* chickencordonbleu.png */,
				7905AC1616B4BC850003EE42 /* Chobani-strawberry.png */,
				7905AC1716B4BC850003EE42 /* Country_Fried_Steak_Eggs.png */,
				7905AC1816B4BC850003EE42 /* Dairy_Queen_Sundae_Hot_Fudge_-_Medium_1.png */,
				7905AC1916B4BC850003EE42 /* Egg_Sandwiches.png */,
				7905AC1A16B4BC850003EE42 /* empty-plate.png */,
				7905AC1B16B4BC850003EE42 /* Fruit-Cup.png */,
				7905AC1C16B4BC850003EE42 /* HamburgerAndFries.png */,
				7905AC1D16B4BC850003EE42 /* honey-nut-cheerios-cereal-single-serve6-cups-1.png */,
				7905AC1E16B4BC850003EE42 /* KelloggsNutriGrainCerealBarsAppleCinnamon_336.png */,
				7905AC1F16B4BC850003EE42 /* pix-prime-rib-1.png */,
				7905AC2016B4BC850003EE42 /* popcorn1.png */,
				7905AC2116B4BC850003EE42 /* red_wine_glass.png */,
				7905AC2216B4BC850003EE42 /* slim-fast-recalljpg-b2ad86c88122a473_large.png */,
				7905AC2316B4BC850003EE42 /* Spicy-Roasted-Red-Pepper-&-Hummus-Sandwich-with-Portabella1.png */,
				7905AC2416B4BC850003EE42 /* Swordfish-Steak-with-Mango-Chutney-on-Curried-Lentils-500.png */,
				7905AC2516B4BC850003EE42 /* tmb_Chicken-Noodle-Soup-&-Salad.png */,
				7905AC2616B4BC850003EE42 /* turkey-sandwhich.png */,
			);
			path = quiz1;
			sourceTree = "<group>";
		};
		792E2D6216B447B300493A66 = {
			isa = PBXGroup;
			children = (
				792E2D7716B447B300493A66 /* suga mngr */,
				792E2D7016B447B300493A66 /* Frameworks */,
				792E2D6E16B447B300493A66 /* Products */,
			);
			sourceTree = "<group>";
		};
		792E2D6E16B447B300493A66 /* Products */ = {
			isa = PBXGroup;
			children = (
				792E2D6D16B447B300493A66 /* suga mngr.app */,
			);
			name = Products;
			sourceTree = "<group>";
		};
		792E2D7016B447B300493A66 /* Frameworks */ = {
			isa = PBXGroup;
			children = (
				797E05B716B5121C00EEC115 /* AVFoundation.framework */,
				797E05B516B4D58900EEC115 /* AudioToolbox.framework */,
				792E2DA516B46BD700493A66 /* QuartzCore.framework */,
				792E2D7116B447B300493A66 /* UIKit.framework */,
				792E2D7316B447B300493A66 /* Foundation.framework */,
				792E2D7516B447B300493A66 /* CoreGraphics.framework */,
			);
			name = Frameworks;
			sourceTree = "<group>";
		};
		792E2D7716B447B300493A66 /* suga mngr */ = {
			isa = PBXGroup;
			children = (
				792E2D9816B454FB00493A66 /* assets */,
				792E2D8016B447B300493A66 /* SMAppDelegate.h */,
				792E2D8116B447B300493A66 /* SMAppDelegate.m */,
				792E2D8916B447B300493A66 /* MainStoryboard_iPhone.storyboard */,
				792E2D8C16B447B300493A66 /* MainStoryboard_iPad.storyboard */,
				792E2D8F16B447B300493A66 /* SMViewController.h */,
				792E2D9016B447B300493A66 /* SMViewController.m */,
				797E05B116B4D16500EEC115 /* SMYogi2Controller.h */,
				797E05B216B4D16500EEC115 /* SMYogi2Controller.m */,
				792E2D7816B447B300493A66 /* Supporting Files */,
				797E05BB16B51E0C00EEC115 /* SMFoodSelect2ViewController.h */,
				797E05BC16B51E0C00EEC115 /* SMFoodSelect2ViewController.m */,
				792E2DA716B479E300493A66 /* SMFoodSelectViewController.h */,
				792E2DA816B479E300493A66 /* SMFoodSelectViewController.m */,
			);
			path = "suga mngr";
			sourceTree = "<group>";
		};
		792E2D7816B447B300493A66 /* Supporting Files */ = {
			isa = PBXGroup;
			children = (
				792E2D7916B447B300493A66 /* suga mngr-Info.plist */,
				792E2D7A16B447B300493A66 /* InfoPlist.strings */,
				792E2D7D16B447B300493A66 /* main.m */,
				792E2D7F16B447B300493A66 /* suga mngr-Prefix.pch */,
				792E2D8316B447B300493A66 /* Default.png */,
				792E2D8516B447B300493A66 /* Default@2x.png */,
				792E2D8716B447B300493A66 /* Default-568h@2x.png */,
			);
			name = "Supporting Files";
			sourceTree = "<group>";
		};
		792E2D9816B454FB00493A66 /* assets */ = {
			isa = PBXGroup;
			children = (
				7905AC0F16B4BC850003EE42 /* quiz1 */,
				7905AC0416B4B85D0003EE42 /* sounds */,
				7905ABEE16B4B5B00003EE42 /* background-quiz.png */,
				7905ABEF16B4B5B00003EE42 /* completion-overlay-success768x1024.png */,
				7905ABF016B4B5B00003EE42 /* completion-overlay-fail768x1024.png */,
				792E2DA316B4606900493A66 /* taptap150x130.png */,
				792E2D9F16B45DE200493A66 /* mentor-idle270x317.png */,
				792E2DA016B45DE200493A66 /* mentor-sleep270x317.png */,
				792E2D9916B454FB00493A66 /* background-mountains.png */,
				792E2D9A16B454FB00493A66 /* mentor-talk270x317.png */,
				792E2D9B16B454FB00493A66 /* mentor400x470.png */,
			);
			path = assets;
			sourceTree = "<group>";
		};
/* End PBXGroup section */

/* Begin PBXNativeTarget section */
		792E2D6C16B447B300493A66 /* suga mngr */ = {
			isa = PBXNativeTarget;
			buildConfigurationList = 792E2D9416B447B300493A66 /* Build configuration list for PBXNativeTarget "suga mngr" */;
			buildPhases = (
				792E2D6916B447B300493A66 /* Sources */,
				792E2D6A16B447B300493A66 /* Frameworks */,
				792E2D6B16B447B300493A66 /* Resources */,
			);
			buildRules = (
			);
			dependencies = (
			);
			name = "suga mngr";
			productName = "suga mngr";
			productReference = 792E2D6D16B447B300493A66 /* suga mngr.app */;
			productType = "com.apple.product-type.application";
		};
/* End PBXNativeTarget section */

/* Begin PBXProject section */
		792E2D6416B447B300493A66 /* Project object */ = {
			isa = PBXProject;
			attributes = {
				CLASSPREFIX = SM;
				LastUpgradeCheck = 0450;
				ORGANIZATIONNAME = "pancreas crew";
			};
			buildConfigurationList = 792E2D6716B447B300493A66 /* Build configuration list for PBXProject "suga mngr" */;
			compatibilityVersion = "Xcode 3.2";
			developmentRegion = English;
			hasScannedForEncodings = 0;
			knownRegions = (
				en,
			);
			mainGroup = 792E2D6216B447B300493A66;
			productRefGroup = 792E2D6E16B447B300493A66 /* Products */;
			projectDirPath = "";
			projectRoot = "";
			targets = (
				792E2D6C16B447B300493A66 /* suga mngr */,
			);
		};
/* End PBXProject section */

/* Begin PBXResourcesBuildPhase section */
		792E2D6B16B447B300493A66 /* Resources */ = {
			isa = PBXResourcesBuildPhase;
			buildActionMask = 2147483647;
			files = (
				792E2D7C16B447B300493A66 /* InfoPlist.strings in Resources */,
				792E2D8416B447B300493A66 /* Default.png in Resources */,
				792E2D8616B447B300493A66 /* Default@2x.png in Resources */,
				792E2D8816B447B300493A66 /* Default-568h@2x.png in Resources */,
				792E2D8B16B447B300493A66 /* MainStoryboard_iPhone.storyboard in Resources */,
				792E2D8E16B447B300493A66 /* MainStoryboard_iPad.storyboard in Resources */,
				792E2D9C16B454FB00493A66 /* background-mountains.png in Resources */,
				792E2D9D16B454FB00493A66 /* mentor-talk270x317.png in Resources */,
				792E2D9E16B454FB00493A66 /* mentor400x470.png in Resources */,
				792E2DA116B45DE200493A66 /* mentor-idle270x317.png in Resources */,
				792E2DA216B45DE200493A66 /* mentor-sleep270x317.png in Resources */,
				792E2DA416B4606900493A66 /* taptap150x130.png in Resources */,
				7905ABF116B4B5B00003EE42 /* background-quiz.png in Resources */,
				7905ABF216B4B5B00003EE42 /* completion-overlay-success768x1024.png in Resources */,
				7905ABF316B4B5B00003EE42 /* completion-overlay-fail768x1024.png in Resources */,
				7905AC0816B4B8A10003EE42 /* Narrative-Opening.wav in Resources */,
				7905AC0916B4B8A10003EE42 /* Narrative-Jibberish-goodpoint.wav in Resources */,
				7905AC0A16B4B8A10003EE42 /* Narrative-Jibberish.wav in Resources */,
				7905AC0D16B4B8B00003EE42 /* glass_shatter.wav in Resources */,
				7905AC0E16B4B8B00003EE42 /* cha_ching.wav in Resources */,
				7905AC2716B4BC850003EE42 /* 300px-CaesarSalad3.png in Resources */,
				7905AC2816B4BC850003EE42 /* 33624Pizza-Slice2.png in Resources */,
				7905AC2916B4BC850003EE42 /* A1ChickenBroccoliStirFry_305.png in Resources */,
				7905AC2A16B4BC850003EE42 /* burrito.png in Resources */,
				7905AC2B16B4BC850003EE42 /* chicagodinerpie_350x250.png in Resources */,
				7905AC2C16B4BC850003EE42 /* chickencordonbleu.png in Resources */,
				7905AC2D16B4BC850003EE42 /* Chobani-strawberry.png in Resources */,
				7905AC2E16B4BC850003EE42 /* Country_Fried_Steak_Eggs.png in Resources */,
				7905AC2F16B4BC850003EE42 /* Dairy_Queen_Sundae_Hot_Fudge_-_Medium_1.png in Resources */,
				7905AC3016B4BC850003EE42 /* Egg_Sandwiches.png in Resources */,
				7905AC3116B4BC850003EE42 /* empty-plate.png in Resources */,
				7905AC3216B4BC850003EE42 /* Fruit-Cup.png in Resources */,
				7905AC3316B4BC850003EE42 /* HamburgerAndFries.png in Resources */,
				7905AC3416B4BC850003EE42 /* honey-nut-cheerios-cereal-single-serve6-cups-1.png in Resources */,
				7905AC3516B4BC850003EE42 /* KelloggsNutriGrainCerealBarsAppleCinnamon_336.png in Resources */,
				7905AC3616B4BC850003EE42 /* pix-prime-rib-1.png in Resources */,
				7905AC3716B4BC850003EE42 /* popcorn1.png in Resources */,
				7905AC3816B4BC850003EE42 /* red_wine_glass.png in Resources */,
				7905AC3916B4BC850003EE42 /* slim-fast-recalljpg-b2ad86c88122a473_large.png in Resources */,
				7905AC3A16B4BC850003EE42 /* Spicy-Roasted-Red-Pepper-&-Hummus-Sandwich-with-Portabella1.png in Resources */,
				7905AC3B16B4BC850003EE42 /* Swordfish-Steak-with-Mango-Chutney-on-Curried-Lentils-500.png in Resources */,
				7905AC3C16B4BC850003EE42 /* tmb_Chicken-Noodle-Soup-&-Salad.png in Resources */,
				7905AC3D16B4BC850003EE42 /* turkey-sandwhich.png in Resources */,
				7905AC3F16B4C0190003EE42 /* Open_Door_Gastropub_steak_n_eggs.png in Resources */,
				797E05BA16B51AA900EEC115 /* pmph1.wav in Resources */,
			);
			runOnlyForDeploymentPostprocessing = 0;
		};
/* End PBXResourcesBuildPhase section */

/* Begin PBXSourcesBuildPhase section */
		792E2D6916B447B300493A66 /* Sources */ = {
			isa = PBXSourcesBuildPhase;
			buildActionMask = 2147483647;
			files = (
				792E2D7E16B447B300493A66 /* main.m in Sources */,
				792E2D8216B447B300493A66 /* SMAppDelegate.m in Sources */,
				792E2D9116B447B300493A66 /* SMViewController.m in Sources */,
				792E2DA916B479E300493A66 /* SMFoodSelectViewController.m in Sources */,
				797E05B316B4D16500EEC115 /* SMYogi2Controller.m in Sources */,
				797E05BD16B51E0C00EEC115 /* SMFoodSelect2ViewController.m in Sources */,
			);
			runOnlyForDeploymentPostprocessing = 0;
		};
/* End PBXSourcesBuildPhase section */

/* Begin PBXVariantGroup section */
		792E2D7A16B447B300493A66 /* InfoPlist.strings */ = {
			isa = PBXVariantGroup;
			children = (
				792E2D7B16B447B300493A66 /* en */,
			);
			name = InfoPlist.strings;
			sourceTree = "<group>";
		};
		792E2D8916B447B300493A66 /* MainStoryboard_iPhone.storyboard */ = {
			isa = PBXVariantGroup;
			children = (
				792E2D8A16B447B300493A66 /* en */,
			);
			name = MainStoryboard_iPhone.storyboard;
			sourceTree = "<group>";
		};
		792E2D8C16B447B300493A66 /* MainStoryboard_iPad.storyboard */ = {
			isa = PBXVariantGroup;
			children = (
				792E2D8D16B447B300493A66 /* en */,
			);
			name = MainStoryboard_iPad.storyboard;
			sourceTree = "<group>";
		};
/* End PBXVariantGroup section */

/* Begin XCBuildConfiguration section */
		792E2D9216B447B300493A66 /* Debug */ = {
			isa = XCBuildConfiguration;
			buildSettings = {
				ALWAYS_SEARCH_USER_PATHS = NO;
				CLANG_CXX_LANGUAGE_STANDARD = "gnu++0x";
				CLANG_CXX_LIBRARY = "libc++";
				CLANG_ENABLE_OBJC_ARC = YES;
				CLANG_WARN_EMPTY_BODY = YES;
				CLANG_WARN__DUPLICATE_METHOD_MATCH = YES;
				"CODE_SIGN_IDENTITY[sdk=iphoneos*]" = "iPhone Developer";
				COPY_PHASE_STRIP = NO;
				GCC_C_LANGUAGE_STANDARD = gnu99;
				GCC_DYNAMIC_NO_PIC = NO;
				GCC_OPTIMIZATION_LEVEL = 0;
				GCC_PREPROCESSOR_DEFINITIONS = (
					"DEBUG=1",
					"$(inherited)",
				);
				GCC_SYMBOLS_PRIVATE_EXTERN = NO;
				GCC_WARN_ABOUT_RETURN_TYPE = YES;
				GCC_WARN_UNINITIALIZED_AUTOS = YES;
				GCC_WARN_UNUSED_VARIABLE = YES;
				IPHONEOS_DEPLOYMENT_TARGET = 6.0;
				ONLY_ACTIVE_ARCH = YES;
				SDKROOT = iphoneos;
				TARGETED_DEVICE_FAMILY = "1,2";
			};
			name = Debug;
		};
		792E2D9316B447B300493A66 /* Release */ = {
			isa = XCBuildConfiguration;
			buildSettings = {
				ALWAYS_SEARCH_USER_PATHS = NO;
				CLANG_CXX_LANGUAGE_STANDARD = "gnu++0x";
				CLANG_CXX_LIBRARY = "libc++";
				CLANG_ENABLE_OBJC_ARC = YES;
				CLANG_WARN_EMPTY_BODY = YES;
				CLANG_WARN__DUPLICATE_METHOD_MATCH = YES;
				"CODE_SIGN_IDENTITY[sdk=iphoneos*]" = "iPhone Developer";
				COPY_PHASE_STRIP = YES;
				GCC_C_LANGUAGE_STANDARD = gnu99;
				GCC_WARN_ABOUT_RETURN_TYPE = YES;
				GCC_WARN_UNINITIALIZED_AUTOS = YES;
				GCC_WARN_UNUSED_VARIABLE = YES;
				IPHONEOS_DEPLOYMENT_TARGET = 6.0;
				OTHER_CFLAGS = "-DNS_BLOCK_ASSERTIONS=1";
				SDKROOT = iphoneos;
				TARGETED_DEVICE_FAMILY = "1,2";
				VALIDATE_PRODUCT = YES;
			};
			name = Release;
		};
		792E2D9516B447B300493A66 /* Debug */ = {
			isa = XCBuildConfiguration;
			buildSettings = {
				GCC_PRECOMPILE_PREFIX_HEADER = YES;
				GCC_PREFIX_HEADER = "suga mngr/suga mngr-Prefix.pch";
				INFOPLIST_FILE = "suga mngr/suga mngr-Info.plist";
				PRODUCT_NAME = "$(TARGET_NAME)";
				WRAPPER_EXTENSION = app;
			};
			name = Debug;
		};
		792E2D9616B447B300493A66 /* Release */ = {
			isa = XCBuildConfiguration;
			buildSettings = {
				GCC_PRECOMPILE_PREFIX_HEADER = YES;
				GCC_PREFIX_HEADER = "suga mngr/suga mngr-Prefix.pch";
				INFOPLIST_FILE = "suga mngr/suga mngr-Info.plist";
				PRODUCT_NAME = "$(TARGET_NAME)";
				WRAPPER_EXTENSION = app;
			};
			name = Release;
		};
/* End XCBuildConfiguration section */

/* Begin XCConfigurationList section */
		792E2D6716B447B300493A66 /* Build configuration list for PBXProject "suga mngr" */ = {
			isa = XCConfigurationList;
			buildConfigurations = (
				792E2D9216B447B300493A66 /* Debug */,
				792E2D9316B447B300493A66 /* Release */,
			);
			defaultConfigurationIsVisible = 0;
			defaultConfigurationName = Release;
		};
		792E2D9416B447B300493A66 /* Build configuration list for PBXNativeTarget "suga mngr" */ = {
			isa = XCConfigurationList;
			buildConfigurations = (
				792E2D9516B447B300493A66 /* Debug */,
				792E2D9616B447B300493A66 /* Release */,
			);
			defaultConfigurationIsVisible = 0;
			defaultConfigurationName = Release;
		};
/* End XCConfigurationList section */
	};
	rootObject = 792E2D6416B447B300493A66 /* Project object */;
}
